{
  "version": 4,
  "terraform_version": "0.14.5",
  "serial": 28,
  "lineage": "db2985ed-4e7b-2fa1-4db0-a67a580d4ef9",
  "outputs": {},
  "resources": [
    {
      "mode": "data",
      "type": "ibm_is_image",
      "name": "image",
      "provider": "provider[\"registry.terraform.io/ibm-cloud/ibm\"]",
      "instances": [
        {
          "schema_version": 0,
          "attributes": {
            "architecture": "amd64",
            "checksum": "aa5cd57a167a16a3eb0659ab5acdeb9f23bb45dfef519c721b17814d5965f55a",
            "crn": "crn:v1:bluemix:public:is:au-syd:a/811f8abfbd32425597dc7ba40da98fa6::image:r026-23c4e123-33f5-4bc0-8ad4-63310be40c17",
            "encryption": "none",
            "encryption_key": null,
            "id": "r026-23c4e123-33f5-4bc0-8ad4-63310be40c17",
            "name": "ibm-centos-7-9-minimal-amd64-2",
            "os": "centos-7-amd64",
            "status": "available",
            "visibility": "public"
          },
          "sensitive_attributes": []
        }
      ]
    },
    {
      "mode": "data",
      "type": "ibm_is_ssh_key",
      "name": "sshkey",
      "provider": "provider[\"registry.terraform.io/ibm-cloud/ibm\"]",
      "instances": [
        {
          "schema_version": 0,
          "attributes": {
            "fingerprint": "SHA256:UCKAn5E2vG50yb/rSW3g6Qthlbi6mJPeFC257509aj4",
            "id": "r026-97079f45-b07b-414c-8e2f-13638c87ad83",
            "length": 2048,
            "name": "jonhall",
            "resource_controller_url": "https://cloud.ibm.com/vpc/compute/sshKeys",
            "resource_crn": "crn:v1:bluemix:public:is:au-syd:a/7a24585774d8b3c897d0c9b47ac48461::key:r026-97079f45-b07b-414c-8e2f-13638c87ad83",
            "resource_group_name": "cf3d539b37854a6ebf12ca4d5a8183c3",
            "resource_name": "jonhall",
            "type": "rsa"
          },
          "sensitive_attributes": []
        }
      ]
    },
    {
      "mode": "data",
      "type": "ibm_is_subnet",
      "name": "subnet",
      "provider": "provider[\"registry.terraform.io/ibm-cloud/ibm\"]",
      "instances": [
        {
          "schema_version": 0,
          "attributes": {
            "available_ipv4_address_count": 250,
            "crn": "crn:v1:bluemix:public:is:au-syd-1:a/7a24585774d8b3c897d0c9b47ac48461::subnet:02h7-fde89eaf-c922-40f3-8cf3-2f5573822f64",
            "id": "02h7-fde89eaf-c922-40f3-8cf3-2f5573822f64",
            "identifier": null,
            "ipv4_cidr_block": "10.245.0.0/24",
            "ipv6_cidr_block": null,
            "name": "au-syd-1-default-subnet",
            "network_acl": "r026-59fbe485-3052-4b75-99a0-f9fa3b92c139",
            "public_gateway": "r026-54c9a752-16c8-4453-a1f9-c01ffe6a3a61",
            "resource_controller_url": "https://cloud.ibm.com/vpc-ext/network/subnets",
            "resource_crn": "crn:v1:bluemix:public:is:au-syd-1:a/7a24585774d8b3c897d0c9b47ac48461::subnet:02h7-fde89eaf-c922-40f3-8cf3-2f5573822f64",
            "resource_group": "cf3d539b37854a6ebf12ca4d5a8183c3",
            "resource_group_name": "default",
            "resource_name": "au-syd-1-default-subnet",
            "resource_status": "available",
            "status": "available",
            "tags": [],
            "total_ipv4_address_count": 256,
            "vpc": "r026-9fda67e7-393f-4e8d-babc-159c655255cb",
            "zone": "au-syd-1"
          },
          "sensitive_attributes": []
        }
      ]
    },
    {
      "mode": "data",
      "type": "ibm_is_vpc",
      "name": "vpc",
      "provider": "provider[\"registry.terraform.io/ibm-cloud/ibm\"]",
      "instances": [
        {
          "schema_version": 0,
          "attributes": {
            "classic_access": false,
            "crn": "crn:v1:bluemix:public:is:au-syd:a/7a24585774d8b3c897d0c9b47ac48461::vpc:r026-9fda67e7-393f-4e8d-babc-159c655255cb",
            "cse_source_addresses": [
              {
                "address": "10.223.232.39",
                "zone_name": "au-syd-1"
              },
              {
                "address": "10.223.251.163",
                "zone_name": "au-syd-2"
              },
              {
                "address": "10.12.2.9",
                "zone_name": "au-syd-3"
              }
            ],
            "default_network_acl": "r026-59fbe485-3052-4b75-99a0-f9fa3b92c139",
            "default_routing_table": "r026-e0b1541e-b30d-4de5-81fd-cae1bf0b1541",
            "default_security_group": "r026-26faf209-a563-4a3c-8e05-b6621c90a08e",
            "id": "r026-9fda67e7-393f-4e8d-babc-159c655255cb",
            "name": "au-syd-default-vpc",
            "resource_controller_url": "https://cloud.ibm.com/vpc-ext/network/vpcs",
            "resource_crn": "crn:v1:bluemix:public:is:au-syd:a/7a24585774d8b3c897d0c9b47ac48461::vpc:r026-9fda67e7-393f-4e8d-babc-159c655255cb",
            "resource_group": "cf3d539b37854a6ebf12ca4d5a8183c3",
            "resource_group_name": "default",
            "resource_name": "au-syd-default-vpc",
            "resource_status": "available",
            "security_group": [
              {
                "group_id": "r026-26faf209-a563-4a3c-8e05-b6621c90a08e",
                "group_name": "disburse-derailed-earache-unseemly",
                "rules": [
                  {
                    "code": 0,
                    "direction": "outbound",
                    "ip_version": "ipv4",
                    "port_max": 0,
                    "port_min": 0,
                    "protocol": "all",
                    "remote": "0.0.0.0/0",
                    "rule_id": "r026-d70447c8-c450-4d20-b6c8-63d841d259ab",
                    "type": 0
                  },
                  {
                    "code": 0,
                    "direction": "inbound",
                    "ip_version": "ipv4",
                    "port_max": 0,
                    "port_min": 0,
                    "protocol": "all",
                    "remote": "r026-26faf209-a563-4a3c-8e05-b6621c90a08e",
                    "rule_id": "r026-e21723a3-b23c-457e-9b1d-9511bed835c3",
                    "type": 0
                  },
                  {
                    "code": 0,
                    "direction": "inbound",
                    "ip_version": "ipv4",
                    "port_max": 0,
                    "port_min": 0,
                    "protocol": "all",
                    "remote": "24.252.32.71",
                    "rule_id": "r026-6d4b2af2-f3c6-4b7b-84cd-a33d480a9ce3",
                    "type": 0
                  },
                  {
                    "code": 0,
                    "direction": "inbound",
                    "ip_version": "ipv4",
                    "port_max": 0,
                    "port_min": 0,
                    "protocol": "all",
                    "remote": "67.11.194.135",
                    "rule_id": "r026-17d3cba3-6336-4a15-b73d-b1899fb92c05",
                    "type": 0
                  },
                  {
                    "code": 0,
                    "direction": "inbound",
                    "ip_version": "ipv4",
                    "port_max": 0,
                    "port_min": 0,
                    "protocol": "all",
                    "remote": "98.109.140.60",
                    "rule_id": "r026-fe8fca0e-87a9-44f4-a397-6c8016be9955",
                    "type": 0
                  },
                  {
                    "code": 0,
                    "direction": "inbound",
                    "ip_version": "ipv4",
                    "port_max": 0,
                    "port_min": 0,
                    "protocol": "all",
                    "remote": "70.117.184.229",
                    "rule_id": "r026-47f0a634-64d0-4f2f-8208-8a5952a6aaf9",
                    "type": 0
                  }
                ]
              }
            ],
            "status": "available",
            "subnets": [
              {
                "available_ipv4_address_count": 250,
                "id": "02h7-fde89eaf-c922-40f3-8cf3-2f5573822f64",
                "name": "au-syd-1-default-subnet",
                "status": "available",
                "total_ipv4_address_count": 256,
                "zone": "au-syd-1"
              },
              {
                "available_ipv4_address_count": 245,
                "id": "02i7-cd42bcfb-d54c-4dda-b7a1-3b98bedf2e23",
                "name": "au-syd-2-default-subnet",
                "status": "available",
                "total_ipv4_address_count": 256,
                "zone": "au-syd-2"
              }
            ],
            "tags": []
          },
          "sensitive_attributes": []
        }
      ]
    },
    {
      "mode": "data",
      "type": "ibm_resource_group",
      "name": "rg",
      "provider": "provider[\"registry.terraform.io/ibm-cloud/ibm\"]",
      "instances": [
        {
          "schema_version": 0,
          "attributes": {
            "id": "cf3d539b37854a6ebf12ca4d5a8183c3",
            "is_default": null,
            "name": "default"
          },
          "sensitive_attributes": []
        }
      ]
    },
    {
      "mode": "data",
      "type": "local_file",
      "name": "cloud-config",
      "provider": "provider[\"registry.terraform.io/hashicorp/local\"]",
      "instances": [
        {
          "schema_version": 0,
          "attributes": {
            "content": "#cloud-config\npackage_update: true\npackage_upgrade: true\n\npackages:\n - lvm2\n\nruncmd:\n - sudo sed -i 's/^SELINUX=enforcing$/SELINUX=permissive/' /etc/selinux/config\n - yum -y install epel-release\n - yum -y install jq\n - yum -y install qemu-img\n - yum -y install s3fs-fuse\n - echo -e \"n\\np\\n1\\n\\n\\nt\\n8e\\n\\nw\\n\" | sudo fdisk /dev/vdd\n - sudo pvcreate /dev/vdd1\n - sudo vgextend /dev/vg_virt /dev/vdd1\n - sudo lvcreate -l 100%FREE /dev/vg_virt /dev/vdd1 --name lv_tmp\n - sudo mkfs.xfs  /dev/vg_virt/lv_tmp\n - sudo mkdir /mnt/cos\n - sudo echo \"/dev/mapper/vg_virt-lv_tmp /tmp xfs defaults 0 0\" \u003e\u003e /etc/fstab\n - sudo echo \"encrypted-images /mnt/cos fuse.s3fs _netdev,allow_other,url=https://s3.direct.us-south.cloud-object-storage.appdomain.cloud 0 0\" \u003e\u003e /etc/fstab\n - sudo mount -a\n - cd /root\n - curl -fsSL https://clis.cloud.ibm.com/install/linux | sh\n - ibmcloud plugin install infrastructure-service -f\n - ibmcloud plugin install cloud-databases -f\n - sudo rpm --import https://repo.logdna.com/logdna.gpg\n - sudo yum -y install logdna-agent\n - sudo logdna-agent -s LOGDNA_APIHOST=api.us-east.logging.cloud.ibm.com\n - sudo logdna-agent -s LOGDNA_LOGHOST=logs.us-east.logging.cloud.ibm.com\n - sudo chkconfig logdna-agent on\n - sudo service logdna-agent start\n - wget https://github.com/IBM-Cloud/redli/releases/download/v0.5.2/redli_0.5.2_linux_amd64.tar.gz\n - tar zxvf redli_0.5.2_linux_amd64.tar.gz\n - chmod +x redli\n - sudo cp redli /usr/local/bin\n - rm redli_0.5.2_linux_amd64.tar.gz\n",
            "content_base64": "I2Nsb3VkLWNvbmZpZwpwYWNrYWdlX3VwZGF0ZTogdHJ1ZQpwYWNrYWdlX3VwZ3JhZGU6IHRydWUKCnBhY2thZ2VzOgogLSBsdm0yCgpydW5jbWQ6CiAtIHN1ZG8gc2VkIC1pICdzL15TRUxJTlVYPWVuZm9yY2luZyQvU0VMSU5VWD1wZXJtaXNzaXZlLycgL2V0Yy9zZWxpbnV4L2NvbmZpZwogLSB5dW0gLXkgaW5zdGFsbCBlcGVsLXJlbGVhc2UKIC0geXVtIC15IGluc3RhbGwganEKIC0geXVtIC15IGluc3RhbGwgcWVtdS1pbWcKIC0geXVtIC15IGluc3RhbGwgczNmcy1mdXNlCiAtIGVjaG8gLWUgIm5cbnBcbjFcblxuXG50XG44ZVxuXG53XG4iIHwgc3VkbyBmZGlzayAvZGV2L3ZkZAogLSBzdWRvIHB2Y3JlYXRlIC9kZXYvdmRkMQogLSBzdWRvIHZnZXh0ZW5kIC9kZXYvdmdfdmlydCAvZGV2L3ZkZDEKIC0gc3VkbyBsdmNyZWF0ZSAtbCAxMDAlRlJFRSAvZGV2L3ZnX3ZpcnQgL2Rldi92ZGQxIC0tbmFtZSBsdl90bXAKIC0gc3VkbyBta2ZzLnhmcyAgL2Rldi92Z192aXJ0L2x2X3RtcAogLSBzdWRvIG1rZGlyIC9tbnQvY29zCiAtIHN1ZG8gZWNobyAiL2Rldi9tYXBwZXIvdmdfdmlydC1sdl90bXAgL3RtcCB4ZnMgZGVmYXVsdHMgMCAwIiA+PiAvZXRjL2ZzdGFiCiAtIHN1ZG8gZWNobyAiZW5jcnlwdGVkLWltYWdlcyAvbW50L2NvcyBmdXNlLnMzZnMgX25ldGRldixhbGxvd19vdGhlcix1cmw9aHR0cHM6Ly9zMy5kaXJlY3QudXMtc291dGguY2xvdWQtb2JqZWN0LXN0b3JhZ2UuYXBwZG9tYWluLmNsb3VkIDAgMCIgPj4gL2V0Yy9mc3RhYgogLSBzdWRvIG1vdW50IC1hCiAtIGNkIC9yb290CiAtIGN1cmwgLWZzU0wgaHR0cHM6Ly9jbGlzLmNsb3VkLmlibS5jb20vaW5zdGFsbC9saW51eCB8IHNoCiAtIGlibWNsb3VkIHBsdWdpbiBpbnN0YWxsIGluZnJhc3RydWN0dXJlLXNlcnZpY2UgLWYKIC0gaWJtY2xvdWQgcGx1Z2luIGluc3RhbGwgY2xvdWQtZGF0YWJhc2VzIC1mCiAtIHN1ZG8gcnBtIC0taW1wb3J0IGh0dHBzOi8vcmVwby5sb2dkbmEuY29tL2xvZ2RuYS5ncGcKIC0gc3VkbyB5dW0gLXkgaW5zdGFsbCBsb2dkbmEtYWdlbnQKIC0gc3VkbyBsb2dkbmEtYWdlbnQgLXMgTE9HRE5BX0FQSUhPU1Q9YXBpLnVzLWVhc3QubG9nZ2luZy5jbG91ZC5pYm0uY29tCiAtIHN1ZG8gbG9nZG5hLWFnZW50IC1zIExPR0ROQV9MT0dIT1NUPWxvZ3MudXMtZWFzdC5sb2dnaW5nLmNsb3VkLmlibS5jb20KIC0gc3VkbyBjaGtjb25maWcgbG9nZG5hLWFnZW50IG9uCiAtIHN1ZG8gc2VydmljZSBsb2dkbmEtYWdlbnQgc3RhcnQKIC0gd2dldCBodHRwczovL2dpdGh1Yi5jb20vSUJNLUNsb3VkL3JlZGxpL3JlbGVhc2VzL2Rvd25sb2FkL3YwLjUuMi9yZWRsaV8wLjUuMl9saW51eF9hbWQ2NC50YXIuZ3oKIC0gdGFyIHp4dmYgcmVkbGlfMC41LjJfbGludXhfYW1kNjQudGFyLmd6CiAtIGNobW9kICt4IHJlZGxpCiAtIHN1ZG8gY3AgcmVkbGkgL3Vzci9sb2NhbC9iaW4KIC0gcm0gcmVkbGlfMC41LjJfbGludXhfYW1kNjQudGFyLmd6Cg==",
            "filename": "./cloud-init.txt",
            "id": "edd8b958452dd583a29de6b1c6c89a753ba6555e"
          },
          "sensitive_attributes": []
        }
      ]
    },
    {
      "mode": "managed",
      "type": "ibm_is_instance",
      "name": "server1",
      "provider": "provider[\"registry.terraform.io/ibm-cloud/ibm\"]",
      "instances": [
        {
          "index_key": 0,
          "schema_version": 0,
          "attributes": {
            "auto_delete_volume": null,
            "boot_volume": [
              {
                "encryption": "",
                "iops": 3000,
                "name": "drudge-geography-lantern-doozy",
                "profile": "general-purpose",
                "size": 100
              }
            ],
            "force_recovery_time": null,
            "gpu": [],
            "id": "02h7_0b0f7df4-0fe4-4e53-a3fc-1db958e5a1fb",
            "image": "r026-23c4e123-33f5-4bc0-8ad4-63310be40c17",
            "keys": [
              "r026-97079f45-b07b-414c-8e2f-13638c87ad83"
            ],
            "memory": 8,
            "name": "image-conversion-server01",
            "network_interfaces": [],
            "primary_network_interface": [
              {
                "allow_ip_spoofing": false,
                "id": "02h7-7e2b0802-fe44-44a0-ac43-e8ce6b48ff37",
                "name": "army-planner-spinning-police",
                "port_speed": 0,
                "primary_ipv4_address": "10.245.0.7",
                "security_groups": [
                  "r026-26faf209-a563-4a3c-8e05-b6621c90a08e"
                ],
                "subnet": "02h7-fde89eaf-c922-40f3-8cf3-2f5573822f64"
              }
            ],
            "profile": "bx2-2x8",
            "resource_controller_url": "https://cloud.ibm.com/vpc-ext/compute/vs",
            "resource_crn": "crn:v1:bluemix:public:is:au-syd-1:a/7a24585774d8b3c897d0c9b47ac48461::instance:02h7_0b0f7df4-0fe4-4e53-a3fc-1db958e5a1fb",
            "resource_group": "cf3d539b37854a6ebf12ca4d5a8183c3",
            "resource_group_name": "default",
            "resource_name": "image-conversion-server01",
            "resource_status": "running",
            "status": "running",
            "tags": [],
            "timeouts": null,
            "user_data": "#cloud-config\npackage_update: true\npackage_upgrade: true\n\npackages:\n - lvm2\n\nruncmd:\n - sudo sed -i 's/^SELINUX=enforcing$/SELINUX=permissive/' /etc/selinux/config\n - yum -y install epel-release\n - yum -y install jq\n - yum -y install qemu-img\n - yum -y install s3fs-fuse\n - echo -e \"n\\np\\n1\\n\\n\\nt\\n8e\\n\\nw\\n\" | sudo fdisk /dev/vdd\n - sudo pvcreate /dev/vdd1\n - sudo vgextend /dev/vg_virt /dev/vdd1\n - sudo lvcreate -l 100%FREE /dev/vg_virt /dev/vdd1 --name lv_tmp\n - sudo mkfs.xfs  /dev/vg_virt/lv_tmp\n - sudo mkdir /mnt/cos\n - sudo echo \"/dev/mapper/vg_virt-lv_tmp /tmp xfs defaults 0 0\" \u003e\u003e /etc/fstab\n - sudo echo \"encrypted-images /mnt/cos fuse.s3fs _netdev,allow_other,url=https://s3.direct.us-south.cloud-object-storage.appdomain.cloud 0 0\" \u003e\u003e /etc/fstab\n - sudo mount -a\n - cd /root\n - curl -fsSL https://clis.cloud.ibm.com/install/linux | sh\n - ibmcloud plugin install infrastructure-service -f\n - ibmcloud plugin install cloud-databases -f\n - sudo rpm --import https://repo.logdna.com/logdna.gpg\n - sudo yum -y install logdna-agent\n - sudo logdna-agent -s LOGDNA_APIHOST=api.us-east.logging.cloud.ibm.com\n - sudo logdna-agent -s LOGDNA_LOGHOST=logs.us-east.logging.cloud.ibm.com\n - sudo chkconfig logdna-agent on\n - sudo service logdna-agent start\n - wget https://github.com/IBM-Cloud/redli/releases/download/v0.5.2/redli_0.5.2_linux_amd64.tar.gz\n - tar zxvf redli_0.5.2_linux_amd64.tar.gz\n - chmod +x redli\n - sudo cp redli /usr/local/bin\n - rm redli_0.5.2_linux_amd64.tar.gz\n",
            "vcpu": [
              {
                "architecture": "amd64",
                "count": 2
              }
            ],
            "volume_attachments": [
              {
                "id": "02h7-979c5f4e-9f60-48ff-a93a-46c303810519",
                "name": "grid-reload-unloved-causal",
                "volume_crn": "crn:v1:bluemix:public:is:au-syd-1:a/7a24585774d8b3c897d0c9b47ac48461::volume:r026-b1274308-70d3-40c9-baf5-805af688e2d9",
                "volume_id": "r026-b1274308-70d3-40c9-baf5-805af688e2d9",
                "volume_name": "drudge-geography-lantern-doozy"
              },
              {
                "id": "02h7-4094cbd2-2998-4d9f-a4ff-77c83ee2ffde",
                "name": "tutor-shorter-flinty-monopoly",
                "volume_crn": "crn:v1:bluemix:public:is:au-syd-1:a/7a24585774d8b3c897d0c9b47ac48461::volume:r026-6cb6e313-8177-4571-b871-c3d1a9d4be01",
                "volume_id": "r026-6cb6e313-8177-4571-b871-c3d1a9d4be01",
                "volume_name": "tmp-volume"
              }
            ],
            "volumes": [
              "r026-6cb6e313-8177-4571-b871-c3d1a9d4be01"
            ],
            "vpc": "r026-9fda67e7-393f-4e8d-babc-159c655255cb",
            "wait_before_delete": true,
            "zone": "au-syd-1"
          },
          "sensitive_attributes": [],
          "private": "eyJlMmJmYjczMC1lY2FhLTExZTYtOGY4OC0zNDM2M2JjN2M0YzAiOnsiY3JlYXRlIjoxODAwMDAwMDAwMDAwLCJkZWxldGUiOjE4MDAwMDAwMDAwMDAsInVwZGF0ZSI6MTgwMDAwMDAwMDAwMH19",
          "dependencies": [
            "data.ibm_is_image.image",
            "data.ibm_is_ssh_key.sshkey",
            "data.ibm_is_subnet.subnet",
            "data.ibm_is_vpc.vpc",
            "data.ibm_resource_group.rg",
            "data.local_file.cloud-config",
            "ibm_is_volume.volume"
          ]
        }
      ]
    },
    {
      "mode": "managed",
      "type": "ibm_is_volume",
      "name": "volume",
      "provider": "provider[\"registry.terraform.io/ibm-cloud/ibm\"]",
      "instances": [
        {
          "schema_version": 0,
          "attributes": {
            "capacity": 250,
            "crn": "crn:v1:bluemix:public:is:au-syd-1:a/7a24585774d8b3c897d0c9b47ac48461::volume:r026-6cb6e313-8177-4571-b871-c3d1a9d4be01",
            "encryption_key": null,
            "id": "r026-6cb6e313-8177-4571-b871-c3d1a9d4be01",
            "iops": 3000,
            "name": "tmp-volume",
            "profile": "10iops-tier",
            "resource_controller_url": "https://cloud.ibm.com/vpc-ext/storage/storageVolumes",
            "resource_crn": "crn:v1:bluemix:public:is:au-syd-1:a/7a24585774d8b3c897d0c9b47ac48461::volume:r026-6cb6e313-8177-4571-b871-c3d1a9d4be01",
            "resource_group": "cf3d539b37854a6ebf12ca4d5a8183c3",
            "resource_group_name": "default",
            "resource_name": "tmp-volume",
            "resource_status": "available",
            "status": "available",
            "tags": [],
            "timeouts": null,
            "zone": "au-syd-1"
          },
          "sensitive_attributes": [],
          "private": "eyJlMmJmYjczMC1lY2FhLTExZTYtOGY4OC0zNDM2M2JjN2M0YzAiOnsiY3JlYXRlIjo2MDAwMDAwMDAwMDAsImRlbGV0ZSI6NjAwMDAwMDAwMDAwfX0=",
          "dependencies": [
            "data.ibm_resource_group.rg"
          ]
        }
      ]
    }
  ]
}
