{
  "version": 4,
  "terraform_version": "0.14.5",
  "serial": 21,
  "lineage": "349e047b-9ffc-9840-c551-b69ac1f1438e",
  "outputs": {},
  "resources": [
    {
      "mode": "data",
      "type": "ibm_is_image",
      "name": "image1",
      "provider": "provider[\"registry.terraform.io/ibm-cloud/ibm\"]",
      "instances": [
        {
          "schema_version": 0,
          "attributes": {
            "architecture": "amd64",
            "checksum": "8fb3211b7142e36a9203c0ac83eb95a0058b44b258956624942a049ceb8d2475",
            "crn": "crn:v1:bluemix:public:is:us-south:a/7a24585774d8b3c897d0c9b47ac48461::image:r006-702a8dce-77f5-4d4d-b244-01b4b47dee4d",
            "encryption": "none",
            "encryption_key": null,
            "id": "r006-702a8dce-77f5-4d4d-b244-01b4b47dee4d",
            "name": "test-server01-latest",
            "os": "windows-2016-amd64",
            "status": "available",
            "visibility": "private"
          },
          "sensitive_attributes": []
        }
      ]
    },
    {
      "mode": "data",
      "type": "ibm_is_image",
      "name": "image2",
      "provider": "provider[\"registry.terraform.io/ibm-cloud/ibm\"]",
      "instances": [
        {
          "schema_version": 0,
          "attributes": {
            "architecture": "amd64",
            "checksum": "14f1908247027b4ae8e913a84bf51245e598bdcea2e8a87eff0589318b92475e",
            "crn": "crn:v1:bluemix:public:is:us-south:a/7a24585774d8b3c897d0c9b47ac48461::image:r006-378dc3ce-913e-4e45-a40c-c4630de285e6",
            "encryption": "none",
            "encryption_key": null,
            "id": "r006-378dc3ce-913e-4e45-a40c-c4630de285e6",
            "name": "test-server02-latest",
            "os": "windows-2016-amd64",
            "status": "available",
            "visibility": "private"
          },
          "sensitive_attributes": []
        }
      ]
    },
    {
      "mode": "data",
      "type": "ibm_is_image",
      "name": "image3",
      "provider": "provider[\"registry.terraform.io/ibm-cloud/ibm\"]",
      "instances": [
        {
          "schema_version": 0,
          "attributes": {
            "architecture": "amd64",
            "checksum": "6f64fe58a53ed75b961c1ee05dda7345f139d445f8f09c5a567c2af810f27d93",
            "crn": "crn:v1:bluemix:public:is:us-south:a/7a24585774d8b3c897d0c9b47ac48461::image:r006-048cce21-7138-4f3f-b8ae-47d7551bf089",
            "encryption": "none",
            "encryption_key": null,
            "id": "r006-048cce21-7138-4f3f-b8ae-47d7551bf089",
            "name": "test-server03-latest",
            "os": "windows-2016-amd64",
            "status": "available",
            "visibility": "private"
          },
          "sensitive_attributes": []
        }
      ]
    },
    {
      "mode": "data",
      "type": "ibm_is_image",
      "name": "image4",
      "provider": "provider[\"registry.terraform.io/ibm-cloud/ibm\"]",
      "instances": [
        {
          "schema_version": 0,
          "attributes": {
            "architecture": "amd64",
            "checksum": "9da40302405157ea736d66d90ff80ab47b62f42f8410638bd80765a40d30e857",
            "crn": "crn:v1:bluemix:public:is:us-south:a/7a24585774d8b3c897d0c9b47ac48461::image:r006-5537f986-866c-43ce-a7be-ca1f76bf3e3d",
            "encryption": "none",
            "encryption_key": null,
            "id": "r006-5537f986-866c-43ce-a7be-ca1f76bf3e3d",
            "name": "test-server04-latest",
            "os": "windows-2016-amd64",
            "status": "available",
            "visibility": "private"
          },
          "sensitive_attributes": []
        }
      ]
    },
    {
      "mode": "data",
      "type": "ibm_is_image",
      "name": "image5",
      "provider": "provider[\"registry.terraform.io/ibm-cloud/ibm\"]",
      "instances": [
        {
          "schema_version": 0,
          "attributes": {
            "architecture": "amd64",
            "checksum": "255503f856155c111a15e429fabf23b0a961fa8f729a085297b7f8975b8c12ff",
            "crn": "crn:v1:bluemix:public:is:us-south:a/7a24585774d8b3c897d0c9b47ac48461::image:r006-be679ba5-c214-4e2d-bb0f-bac454f450d3",
            "encryption": "none",
            "encryption_key": null,
            "id": "r006-be679ba5-c214-4e2d-bb0f-bac454f450d3",
            "name": "test-server05-latest",
            "os": "windows-2016-amd64",
            "status": "available",
            "visibility": "private"
          },
          "sensitive_attributes": []
        }
      ]
    },
    {
      "mode": "data",
      "type": "ibm_is_image",
      "name": "image6",
      "provider": "provider[\"registry.terraform.io/ibm-cloud/ibm\"]",
      "instances": [
        {
          "schema_version": 0,
          "attributes": {
            "architecture": "amd64",
            "checksum": "e8377d9596355cd200da55e99da964f62029a3b350dab0d90dc9bd9badb98c9f",
            "crn": "crn:v1:bluemix:public:is:us-south:a/7a24585774d8b3c897d0c9b47ac48461::image:r006-02607b5e-3fcb-43fd-b70f-6addd2bdca39",
            "encryption": "none",
            "encryption_key": null,
            "id": "r006-02607b5e-3fcb-43fd-b70f-6addd2bdca39",
            "name": "test-server06-latest",
            "os": "windows-2016-amd64",
            "status": "available",
            "visibility": "private"
          },
          "sensitive_attributes": []
        }
      ]
    },
    {
      "mode": "data",
      "type": "ibm_is_image",
      "name": "image7",
      "provider": "provider[\"registry.terraform.io/ibm-cloud/ibm\"]",
      "instances": [
        {
          "schema_version": 0,
          "attributes": {
            "architecture": "amd64",
            "checksum": "0ffd11aa578e1e58033113923923fe699f1394291f9095d389de5edf09d85a7b",
            "crn": "crn:v1:bluemix:public:is:us-south:a/7a24585774d8b3c897d0c9b47ac48461::image:r006-e3649bd5-549f-43ed-8fda-0734949c909c",
            "encryption": "none",
            "encryption_key": null,
            "id": "r006-e3649bd5-549f-43ed-8fda-0734949c909c",
            "name": "test-server07-latest",
            "os": "windows-2016-amd64",
            "status": "available",
            "visibility": "private"
          },
          "sensitive_attributes": []
        }
      ]
    },
    {
      "mode": "data",
      "type": "ibm_is_image",
      "name": "image8",
      "provider": "provider[\"registry.terraform.io/ibm-cloud/ibm\"]",
      "instances": [
        {
          "schema_version": 0,
          "attributes": {
            "architecture": "amd64",
            "checksum": "100fcc4d8452d465a3def95b596fa3f2c6dc53f233aed11eb3ce9ba264421b16",
            "crn": "crn:v1:bluemix:public:is:us-south:a/7a24585774d8b3c897d0c9b47ac48461::image:r006-2e463ef7-8055-44fb-8ffd-a0a30a926966",
            "encryption": "none",
            "encryption_key": null,
            "id": "r006-2e463ef7-8055-44fb-8ffd-a0a30a926966",
            "name": "test-server08-latest",
            "os": "windows-2016-amd64",
            "status": "available",
            "visibility": "private"
          },
          "sensitive_attributes": []
        }
      ]
    },
    {
      "mode": "data",
      "type": "ibm_is_ssh_key",
      "name": "sshkey",
      "provider": "provider[\"registry.terraform.io/ibm-cloud/ibm\"]",
      "instances": [
        {
          "schema_version": 0,
          "attributes": {
            "fingerprint": "SHA256:UCKAn5E2vG50yb/rSW3g6Qthlbi6mJPeFC257509aj4",
            "id": "r006-870b4d7e-02dd-47c3-a1b8-733504a6b98a",
            "length": 2048,
            "name": "jonhall",
            "resource_controller_url": "https://cloud.ibm.com/vpc/compute/sshKeys",
            "resource_crn": "crn:v1:bluemix:public:is:us-south:a/7a24585774d8b3c897d0c9b47ac48461::key:r006-870b4d7e-02dd-47c3-a1b8-733504a6b98a",
            "resource_group_name": "cf3d539b37854a6ebf12ca4d5a8183c3",
            "resource_name": "jonhall",
            "type": "rsa"
          },
          "sensitive_attributes": []
        }
      ]
    },
    {
      "mode": "data",
      "type": "ibm_resource_group",
      "name": "rg",
      "provider": "provider[\"registry.terraform.io/ibm-cloud/ibm\"]",
      "instances": [
        {
          "schema_version": 0,
          "attributes": {
            "id": "cf3d539b37854a6ebf12ca4d5a8183c3",
            "is_default": null,
            "name": "default"
          },
          "sensitive_attributes": []
        }
      ]
    },
    {
      "mode": "managed",
      "type": "ibm_is_floating_ip",
      "name": "fip-server1",
      "provider": "provider[\"registry.terraform.io/ibm-cloud/ibm\"]",
      "instances": [
        {
          "schema_version": 0,
          "attributes": {
            "address": "52.116.128.207",
            "id": "r006-6cc3e5ec-e444-4248-be27-91c2ebc6d9c2",
            "name": "fip-test-server01",
            "resource_controller_url": "https://cloud.ibm.com/vpc-ext/network/floatingIPs",
            "resource_crn": "crn:v1:bluemix:public:is:us-south-1:a/7a24585774d8b3c897d0c9b47ac48461::floating-ip:r006-6cc3e5ec-e444-4248-be27-91c2ebc6d9c2",
            "resource_group": "cf3d539b37854a6ebf12ca4d5a8183c3",
            "resource_group_name": "default",
            "resource_name": "fip-test-server01",
            "resource_status": "available",
            "status": "available",
            "tags": [],
            "target": "0717-b9c1b352-1003-4899-9462-aeda8ad24f6c",
            "timeouts": null,
            "zone": "us-south-1"
          },
          "sensitive_attributes": [],
          "private": "eyJlMmJmYjczMC1lY2FhLTExZTYtOGY4OC0zNDM2M2JjN2M0YzAiOnsiY3JlYXRlIjo2MDAwMDAwMDAwMDAsImRlbGV0ZSI6NjAwMDAwMDAwMDAwfX0=",
          "dependencies": [
            "data.ibm_is_image.image1",
            "data.ibm_is_ssh_key.sshkey",
            "data.ibm_resource_group.rg",
            "ibm_is_instance.server1",
            "ibm_is_public_gateway.pubgw-vpc-zone1",
            "ibm_is_subnet.subnet",
            "ibm_is_vpc.vpc"
          ]
        }
      ]
    },
    {
      "mode": "managed",
      "type": "ibm_is_floating_ip",
      "name": "fip-server2",
      "provider": "provider[\"registry.terraform.io/ibm-cloud/ibm\"]",
      "instances": [
        {
          "schema_version": 0,
          "attributes": {
            "address": "52.116.133.33",
            "id": "r006-185e21d1-b11a-424a-a121-0025030a805d",
            "name": "fip-test-server02",
            "resource_controller_url": "https://cloud.ibm.com/vpc-ext/network/floatingIPs",
            "resource_crn": "crn:v1:bluemix:public:is:us-south-1:a/7a24585774d8b3c897d0c9b47ac48461::floating-ip:r006-185e21d1-b11a-424a-a121-0025030a805d",
            "resource_group": "cf3d539b37854a6ebf12ca4d5a8183c3",
            "resource_group_name": "default",
            "resource_name": "fip-test-server02",
            "resource_status": "available",
            "status": "available",
            "tags": [],
            "target": "0717-3c84191a-4a40-480a-80ec-7d8a7aba9086",
            "timeouts": null,
            "zone": "us-south-1"
          },
          "sensitive_attributes": [],
          "private": "eyJlMmJmYjczMC1lY2FhLTExZTYtOGY4OC0zNDM2M2JjN2M0YzAiOnsiY3JlYXRlIjo2MDAwMDAwMDAwMDAsImRlbGV0ZSI6NjAwMDAwMDAwMDAwfX0=",
          "dependencies": [
            "data.ibm_is_image.image2",
            "data.ibm_is_ssh_key.sshkey",
            "data.ibm_resource_group.rg",
            "ibm_is_instance.server2",
            "ibm_is_public_gateway.pubgw-vpc-zone1",
            "ibm_is_subnet.subnet",
            "ibm_is_vpc.vpc"
          ]
        }
      ]
    },
    {
      "mode": "managed",
      "type": "ibm_is_floating_ip",
      "name": "fip-server3",
      "provider": "provider[\"registry.terraform.io/ibm-cloud/ibm\"]",
      "instances": [
        {
          "schema_version": 0,
          "attributes": {
            "address": "52.116.128.206",
            "id": "r006-bfb599e0-8c9b-44e2-8a4c-d881a074a642",
            "name": "fip-test-server03",
            "resource_controller_url": "https://cloud.ibm.com/vpc-ext/network/floatingIPs",
            "resource_crn": "crn:v1:bluemix:public:is:us-south-1:a/7a24585774d8b3c897d0c9b47ac48461::floating-ip:r006-bfb599e0-8c9b-44e2-8a4c-d881a074a642",
            "resource_group": "cf3d539b37854a6ebf12ca4d5a8183c3",
            "resource_group_name": "default",
            "resource_name": "fip-test-server03",
            "resource_status": "available",
            "status": "available",
            "tags": [],
            "target": "0717-47ac318c-0e0f-435c-89f5-f020fe2a3c7d",
            "timeouts": null,
            "zone": "us-south-1"
          },
          "sensitive_attributes": [],
          "private": "eyJlMmJmYjczMC1lY2FhLTExZTYtOGY4OC0zNDM2M2JjN2M0YzAiOnsiY3JlYXRlIjo2MDAwMDAwMDAwMDAsImRlbGV0ZSI6NjAwMDAwMDAwMDAwfX0=",
          "dependencies": [
            "data.ibm_is_image.image3",
            "data.ibm_is_ssh_key.sshkey",
            "data.ibm_resource_group.rg",
            "ibm_is_instance.server3",
            "ibm_is_public_gateway.pubgw-vpc-zone1",
            "ibm_is_subnet.subnet",
            "ibm_is_vpc.vpc"
          ]
        }
      ]
    },
    {
      "mode": "managed",
      "type": "ibm_is_floating_ip",
      "name": "fip-server4",
      "provider": "provider[\"registry.terraform.io/ibm-cloud/ibm\"]",
      "instances": [
        {
          "schema_version": 0,
          "attributes": {
            "address": "169.48.154.220",
            "id": "r006-f1a12050-416a-4743-abd0-32bf6899c17d",
            "name": "fip-test-server04",
            "resource_controller_url": "https://cloud.ibm.com/vpc-ext/network/floatingIPs",
            "resource_crn": "crn:v1:bluemix:public:is:us-south-1:a/7a24585774d8b3c897d0c9b47ac48461::floating-ip:r006-f1a12050-416a-4743-abd0-32bf6899c17d",
            "resource_group": "cf3d539b37854a6ebf12ca4d5a8183c3",
            "resource_group_name": "default",
            "resource_name": "fip-test-server04",
            "resource_status": "available",
            "status": "available",
            "tags": [],
            "target": "0717-4e615775-e9b8-47bf-a68e-42aab69ac78a",
            "timeouts": null,
            "zone": "us-south-1"
          },
          "sensitive_attributes": [],
          "private": "eyJlMmJmYjczMC1lY2FhLTExZTYtOGY4OC0zNDM2M2JjN2M0YzAiOnsiY3JlYXRlIjo2MDAwMDAwMDAwMDAsImRlbGV0ZSI6NjAwMDAwMDAwMDAwfX0=",
          "dependencies": [
            "data.ibm_is_image.image4",
            "data.ibm_is_ssh_key.sshkey",
            "data.ibm_resource_group.rg",
            "ibm_is_instance.server4",
            "ibm_is_public_gateway.pubgw-vpc-zone1",
            "ibm_is_subnet.subnet",
            "ibm_is_vpc.vpc"
          ]
        }
      ]
    },
    {
      "mode": "managed",
      "type": "ibm_is_floating_ip",
      "name": "fip-server5",
      "provider": "provider[\"registry.terraform.io/ibm-cloud/ibm\"]",
      "instances": [
        {
          "schema_version": 0,
          "attributes": {
            "address": "52.116.133.32",
            "id": "r006-60fbaabe-8f95-48d5-bd33-90de88b3c634",
            "name": "fip-test-server05",
            "resource_controller_url": "https://cloud.ibm.com/vpc-ext/network/floatingIPs",
            "resource_crn": "crn:v1:bluemix:public:is:us-south-1:a/7a24585774d8b3c897d0c9b47ac48461::floating-ip:r006-60fbaabe-8f95-48d5-bd33-90de88b3c634",
            "resource_group": "cf3d539b37854a6ebf12ca4d5a8183c3",
            "resource_group_name": "default",
            "resource_name": "fip-test-server05",
            "resource_status": "available",
            "status": "available",
            "tags": [],
            "target": "0717-c3770813-60ef-46e7-bc94-884edd94157b",
            "timeouts": null,
            "zone": "us-south-1"
          },
          "sensitive_attributes": [],
          "private": "eyJlMmJmYjczMC1lY2FhLTExZTYtOGY4OC0zNDM2M2JjN2M0YzAiOnsiY3JlYXRlIjo2MDAwMDAwMDAwMDAsImRlbGV0ZSI6NjAwMDAwMDAwMDAwfX0=",
          "dependencies": [
            "data.ibm_is_image.image5",
            "data.ibm_is_ssh_key.sshkey",
            "data.ibm_resource_group.rg",
            "ibm_is_instance.server5",
            "ibm_is_public_gateway.pubgw-vpc-zone1",
            "ibm_is_subnet.subnet",
            "ibm_is_vpc.vpc"
          ]
        }
      ]
    },
    {
      "mode": "managed",
      "type": "ibm_is_floating_ip",
      "name": "fip-server6",
      "provider": "provider[\"registry.terraform.io/ibm-cloud/ibm\"]",
      "instances": [
        {
          "schema_version": 0,
          "attributes": {
            "address": "52.116.133.27",
            "id": "r006-37255deb-afc1-4ba4-9c41-e3d01b96fbe8",
            "name": "fip-test-server06",
            "resource_controller_url": "https://cloud.ibm.com/vpc-ext/network/floatingIPs",
            "resource_crn": "crn:v1:bluemix:public:is:us-south-1:a/7a24585774d8b3c897d0c9b47ac48461::floating-ip:r006-37255deb-afc1-4ba4-9c41-e3d01b96fbe8",
            "resource_group": "cf3d539b37854a6ebf12ca4d5a8183c3",
            "resource_group_name": "default",
            "resource_name": "fip-test-server06",
            "resource_status": "available",
            "status": "available",
            "tags": [],
            "target": "0717-b0938678-1eb3-46f5-a1f0-0805783a8dae",
            "timeouts": null,
            "zone": "us-south-1"
          },
          "sensitive_attributes": [],
          "private": "eyJlMmJmYjczMC1lY2FhLTExZTYtOGY4OC0zNDM2M2JjN2M0YzAiOnsiY3JlYXRlIjo2MDAwMDAwMDAwMDAsImRlbGV0ZSI6NjAwMDAwMDAwMDAwfX0=",
          "dependencies": [
            "data.ibm_is_image.image6",
            "data.ibm_is_ssh_key.sshkey",
            "data.ibm_resource_group.rg",
            "ibm_is_instance.server6",
            "ibm_is_public_gateway.pubgw-vpc-zone1",
            "ibm_is_subnet.subnet",
            "ibm_is_vpc.vpc"
          ]
        }
      ]
    },
    {
      "mode": "managed",
      "type": "ibm_is_floating_ip",
      "name": "fip-server7",
      "provider": "provider[\"registry.terraform.io/ibm-cloud/ibm\"]",
      "instances": [
        {
          "schema_version": 0,
          "attributes": {
            "address": "169.48.154.235",
            "id": "r006-8bee8df4-976a-4806-81d1-99859bb9d0e7",
            "name": "fip-test-server07",
            "resource_controller_url": "https://cloud.ibm.com/vpc-ext/network/floatingIPs",
            "resource_crn": "crn:v1:bluemix:public:is:us-south-1:a/7a24585774d8b3c897d0c9b47ac48461::floating-ip:r006-8bee8df4-976a-4806-81d1-99859bb9d0e7",
            "resource_group": "cf3d539b37854a6ebf12ca4d5a8183c3",
            "resource_group_name": "default",
            "resource_name": "fip-test-server07",
            "resource_status": "available",
            "status": "available",
            "tags": [],
            "target": "0717-5900f58e-41b1-41e7-b39a-52a214f5a356",
            "timeouts": null,
            "zone": "us-south-1"
          },
          "sensitive_attributes": [],
          "private": "eyJlMmJmYjczMC1lY2FhLTExZTYtOGY4OC0zNDM2M2JjN2M0YzAiOnsiY3JlYXRlIjo2MDAwMDAwMDAwMDAsImRlbGV0ZSI6NjAwMDAwMDAwMDAwfX0=",
          "dependencies": [
            "data.ibm_is_image.image7",
            "data.ibm_is_ssh_key.sshkey",
            "data.ibm_resource_group.rg",
            "ibm_is_instance.server7",
            "ibm_is_public_gateway.pubgw-vpc-zone1",
            "ibm_is_subnet.subnet",
            "ibm_is_vpc.vpc"
          ]
        }
      ]
    },
    {
      "mode": "managed",
      "type": "ibm_is_floating_ip",
      "name": "fip-server8",
      "provider": "provider[\"registry.terraform.io/ibm-cloud/ibm\"]",
      "instances": [
        {
          "schema_version": 0,
          "attributes": {
            "address": "52.116.128.215",
            "id": "r006-fe65a4bc-bc20-4318-ae0e-a44375f34cd5",
            "name": "fip-test-server08",
            "resource_controller_url": "https://cloud.ibm.com/vpc-ext/network/floatingIPs",
            "resource_crn": "crn:v1:bluemix:public:is:us-south-1:a/7a24585774d8b3c897d0c9b47ac48461::floating-ip:r006-fe65a4bc-bc20-4318-ae0e-a44375f34cd5",
            "resource_group": "cf3d539b37854a6ebf12ca4d5a8183c3",
            "resource_group_name": "default",
            "resource_name": "fip-test-server08",
            "resource_status": "available",
            "status": "available",
            "tags": [],
            "target": "0717-3a62556a-eb4b-4af2-bbdb-a9dc28606598",
            "timeouts": null,
            "zone": "us-south-1"
          },
          "sensitive_attributes": [],
          "private": "eyJlMmJmYjczMC1lY2FhLTExZTYtOGY4OC0zNDM2M2JjN2M0YzAiOnsiY3JlYXRlIjo2MDAwMDAwMDAwMDAsImRlbGV0ZSI6NjAwMDAwMDAwMDAwfX0=",
          "dependencies": [
            "data.ibm_is_image.image8",
            "data.ibm_is_ssh_key.sshkey",
            "data.ibm_resource_group.rg",
            "ibm_is_instance.server8",
            "ibm_is_public_gateway.pubgw-vpc-zone1",
            "ibm_is_subnet.subnet",
            "ibm_is_vpc.vpc"
          ]
        }
      ]
    },
    {
      "mode": "managed",
      "type": "ibm_is_instance",
      "name": "server1",
      "provider": "provider[\"registry.terraform.io/ibm-cloud/ibm\"]",
      "instances": [
        {
          "schema_version": 0,
          "attributes": {
            "auto_delete_volume": null,
            "boot_volume": [
              {
                "encryption": "",
                "iops": 3000,
                "name": "morphine-purging-garlic-reviving",
                "profile": "general-purpose",
                "size": 100
              }
            ],
            "force_recovery_time": null,
            "gpu": [],
            "id": "0717_9d65c96d-9f07-4a2a-9f6f-7d7128d32eb3",
            "image": "r006-702a8dce-77f5-4d4d-b244-01b4b47dee4d",
            "keys": [
              "r006-870b4d7e-02dd-47c3-a1b8-733504a6b98a"
            ],
            "memory": 8,
            "name": "test-server01",
            "network_interfaces": [],
            "primary_network_interface": [
              {
                "allow_ip_spoofing": false,
                "id": "0717-b9c1b352-1003-4899-9462-aeda8ad24f6c",
                "name": "slideshow-explains-abbreviate-strike",
                "port_speed": 0,
                "primary_ipv4_address": "10.245.0.101",
                "security_groups": [
                  "r006-1cd576d1-749d-4adc-bca5-edd64e4d55d6"
                ],
                "subnet": "0717-409f97c8-9d57-4d59-9cb2-6c2232c61f08"
              }
            ],
            "profile": "bx2-2x8",
            "resource_controller_url": "https://cloud.ibm.com/vpc-ext/compute/vs",
            "resource_crn": "crn:v1:bluemix:public:is:us-south-1:a/7a24585774d8b3c897d0c9b47ac48461::instance:0717_9d65c96d-9f07-4a2a-9f6f-7d7128d32eb3",
            "resource_group": "cf3d539b37854a6ebf12ca4d5a8183c3",
            "resource_group_name": "default",
            "resource_name": "test-server01",
            "resource_status": "running",
            "status": "running",
            "tags": [],
            "timeouts": null,
            "user_data": null,
            "vcpu": [
              {
                "architecture": "amd64",
                "count": 2
              }
            ],
            "volume_attachments": [
              {
                "id": "0717-042c31b5-1585-4b60-bd35-9eefc8c1373d",
                "name": "volume-attachment",
                "volume_crn": "crn:v1:bluemix:public:is:us-south-1:a/7a24585774d8b3c897d0c9b47ac48461::volume:r006-4fcfcecf-12f3-49cd-beb7-a46acbfd19ec",
                "volume_id": "r006-4fcfcecf-12f3-49cd-beb7-a46acbfd19ec",
                "volume_name": "morphine-purging-garlic-reviving"
              }
            ],
            "volumes": null,
            "vpc": "r006-b3176d9f-d789-4e88-88bf-dfc430e98d8f",
            "wait_before_delete": true,
            "zone": "us-south-1"
          },
          "sensitive_attributes": [],
          "private": "eyJlMmJmYjczMC1lY2FhLTExZTYtOGY4OC0zNDM2M2JjN2M0YzAiOnsiY3JlYXRlIjoxODAwMDAwMDAwMDAwLCJkZWxldGUiOjE4MDAwMDAwMDAwMDAsInVwZGF0ZSI6MTgwMDAwMDAwMDAwMH19",
          "dependencies": [
            "data.ibm_is_image.image1",
            "data.ibm_is_ssh_key.sshkey",
            "data.ibm_resource_group.rg",
            "ibm_is_public_gateway.pubgw-vpc-zone1",
            "ibm_is_subnet.subnet",
            "ibm_is_vpc.vpc"
          ]
        }
      ]
    },
    {
      "mode": "managed",
      "type": "ibm_is_instance",
      "name": "server2",
      "provider": "provider[\"registry.terraform.io/ibm-cloud/ibm\"]",
      "instances": [
        {
          "schema_version": 0,
          "attributes": {
            "auto_delete_volume": null,
            "boot_volume": [
              {
                "encryption": "",
                "iops": 3000,
                "name": "briar-gliding-remission-implicate",
                "profile": "general-purpose",
                "size": 100
              }
            ],
            "force_recovery_time": null,
            "gpu": [],
            "id": "0717_608fb050-e7b8-4ff6-96b3-9ef8f26ceda9",
            "image": "r006-378dc3ce-913e-4e45-a40c-c4630de285e6",
            "keys": [
              "r006-870b4d7e-02dd-47c3-a1b8-733504a6b98a"
            ],
            "memory": 8,
            "name": "test-server02",
            "network_interfaces": [],
            "primary_network_interface": [
              {
                "allow_ip_spoofing": false,
                "id": "0717-3c84191a-4a40-480a-80ec-7d8a7aba9086",
                "name": "remedy-habitant-deglazed-fled",
                "port_speed": 0,
                "primary_ipv4_address": "10.245.0.102",
                "security_groups": [
                  "r006-1cd576d1-749d-4adc-bca5-edd64e4d55d6"
                ],
                "subnet": "0717-409f97c8-9d57-4d59-9cb2-6c2232c61f08"
              }
            ],
            "profile": "bx2-2x8",
            "resource_controller_url": "https://cloud.ibm.com/vpc-ext/compute/vs",
            "resource_crn": "crn:v1:bluemix:public:is:us-south-1:a/7a24585774d8b3c897d0c9b47ac48461::instance:0717_608fb050-e7b8-4ff6-96b3-9ef8f26ceda9",
            "resource_group": "cf3d539b37854a6ebf12ca4d5a8183c3",
            "resource_group_name": "default",
            "resource_name": "test-server02",
            "resource_status": "running",
            "status": "running",
            "tags": [],
            "timeouts": null,
            "user_data": null,
            "vcpu": [
              {
                "architecture": "amd64",
                "count": 2
              }
            ],
            "volume_attachments": [
              {
                "id": "0717-4f1a8aaa-38a8-41ce-9380-b99bedee847f",
                "name": "volume-attachment",
                "volume_crn": "crn:v1:bluemix:public:is:us-south-1:a/7a24585774d8b3c897d0c9b47ac48461::volume:r006-2e8a819a-405e-4689-abaf-0f143ef242d5",
                "volume_id": "r006-2e8a819a-405e-4689-abaf-0f143ef242d5",
                "volume_name": "briar-gliding-remission-implicate"
              }
            ],
            "volumes": null,
            "vpc": "r006-b3176d9f-d789-4e88-88bf-dfc430e98d8f",
            "wait_before_delete": true,
            "zone": "us-south-1"
          },
          "sensitive_attributes": [],
          "private": "eyJlMmJmYjczMC1lY2FhLTExZTYtOGY4OC0zNDM2M2JjN2M0YzAiOnsiY3JlYXRlIjoxODAwMDAwMDAwMDAwLCJkZWxldGUiOjE4MDAwMDAwMDAwMDAsInVwZGF0ZSI6MTgwMDAwMDAwMDAwMH19",
          "dependencies": [
            "data.ibm_is_image.image2",
            "data.ibm_is_ssh_key.sshkey",
            "data.ibm_resource_group.rg",
            "ibm_is_public_gateway.pubgw-vpc-zone1",
            "ibm_is_subnet.subnet",
            "ibm_is_vpc.vpc"
          ]
        }
      ]
    },
    {
      "mode": "managed",
      "type": "ibm_is_instance",
      "name": "server3",
      "provider": "provider[\"registry.terraform.io/ibm-cloud/ibm\"]",
      "instances": [
        {
          "schema_version": 0,
          "attributes": {
            "auto_delete_volume": null,
            "boot_volume": [
              {
                "encryption": "",
                "iops": 3000,
                "name": "polyester-obvious-unseated-banked",
                "profile": "general-purpose",
                "size": 100
              }
            ],
            "force_recovery_time": null,
            "gpu": [],
            "id": "0717_a8427d10-e87a-48de-98a3-e3ed313488a4",
            "image": "r006-048cce21-7138-4f3f-b8ae-47d7551bf089",
            "keys": [
              "r006-870b4d7e-02dd-47c3-a1b8-733504a6b98a"
            ],
            "memory": 8,
            "name": "test-server03",
            "network_interfaces": [],
            "primary_network_interface": [
              {
                "allow_ip_spoofing": false,
                "id": "0717-47ac318c-0e0f-435c-89f5-f020fe2a3c7d",
                "name": "hatching-outpour-uniformly-bristle",
                "port_speed": 0,
                "primary_ipv4_address": "10.245.0.103",
                "security_groups": [
                  "r006-1cd576d1-749d-4adc-bca5-edd64e4d55d6"
                ],
                "subnet": "0717-409f97c8-9d57-4d59-9cb2-6c2232c61f08"
              }
            ],
            "profile": "bx2-2x8",
            "resource_controller_url": "https://cloud.ibm.com/vpc-ext/compute/vs",
            "resource_crn": "crn:v1:bluemix:public:is:us-south-1:a/7a24585774d8b3c897d0c9b47ac48461::instance:0717_a8427d10-e87a-48de-98a3-e3ed313488a4",
            "resource_group": "cf3d539b37854a6ebf12ca4d5a8183c3",
            "resource_group_name": "default",
            "resource_name": "test-server03",
            "resource_status": "running",
            "status": "running",
            "tags": [],
            "timeouts": null,
            "user_data": null,
            "vcpu": [
              {
                "architecture": "amd64",
                "count": 2
              }
            ],
            "volume_attachments": [
              {
                "id": "0717-06868d8a-526b-44fa-a48b-587651cbc7d7",
                "name": "volume-attachment",
                "volume_crn": "crn:v1:bluemix:public:is:us-south-1:a/7a24585774d8b3c897d0c9b47ac48461::volume:r006-644da0ae-84b7-49a6-9087-d69afc93c573",
                "volume_id": "r006-644da0ae-84b7-49a6-9087-d69afc93c573",
                "volume_name": "polyester-obvious-unseated-banked"
              }
            ],
            "volumes": null,
            "vpc": "r006-b3176d9f-d789-4e88-88bf-dfc430e98d8f",
            "wait_before_delete": true,
            "zone": "us-south-1"
          },
          "sensitive_attributes": [],
          "private": "eyJlMmJmYjczMC1lY2FhLTExZTYtOGY4OC0zNDM2M2JjN2M0YzAiOnsiY3JlYXRlIjoxODAwMDAwMDAwMDAwLCJkZWxldGUiOjE4MDAwMDAwMDAwMDAsInVwZGF0ZSI6MTgwMDAwMDAwMDAwMH19",
          "dependencies": [
            "data.ibm_is_image.image3",
            "data.ibm_is_ssh_key.sshkey",
            "data.ibm_resource_group.rg",
            "ibm_is_public_gateway.pubgw-vpc-zone1",
            "ibm_is_subnet.subnet",
            "ibm_is_vpc.vpc"
          ]
        }
      ]
    },
    {
      "mode": "managed",
      "type": "ibm_is_instance",
      "name": "server4",
      "provider": "provider[\"registry.terraform.io/ibm-cloud/ibm\"]",
      "instances": [
        {
          "schema_version": 0,
          "attributes": {
            "auto_delete_volume": null,
            "boot_volume": [
              {
                "encryption": "",
                "iops": 3000,
                "name": "eastcoast-barbed-imaginary-monetize",
                "profile": "general-purpose",
                "size": 100
              }
            ],
            "force_recovery_time": null,
            "gpu": [],
            "id": "0717_b1bff77d-18c8-4379-a2db-d81d3d79260b",
            "image": "r006-5537f986-866c-43ce-a7be-ca1f76bf3e3d",
            "keys": [
              "r006-870b4d7e-02dd-47c3-a1b8-733504a6b98a"
            ],
            "memory": 8,
            "name": "test-server04",
            "network_interfaces": [],
            "primary_network_interface": [
              {
                "allow_ip_spoofing": false,
                "id": "0717-4e615775-e9b8-47bf-a68e-42aab69ac78a",
                "name": "procurer-crested-unmindful-reverb",
                "port_speed": 0,
                "primary_ipv4_address": "10.245.0.104",
                "security_groups": [
                  "r006-1cd576d1-749d-4adc-bca5-edd64e4d55d6"
                ],
                "subnet": "0717-409f97c8-9d57-4d59-9cb2-6c2232c61f08"
              }
            ],
            "profile": "bx2-2x8",
            "resource_controller_url": "https://cloud.ibm.com/vpc-ext/compute/vs",
            "resource_crn": "crn:v1:bluemix:public:is:us-south-1:a/7a24585774d8b3c897d0c9b47ac48461::instance:0717_b1bff77d-18c8-4379-a2db-d81d3d79260b",
            "resource_group": "cf3d539b37854a6ebf12ca4d5a8183c3",
            "resource_group_name": "default",
            "resource_name": "test-server04",
            "resource_status": "running",
            "status": "running",
            "tags": [],
            "timeouts": null,
            "user_data": null,
            "vcpu": [
              {
                "architecture": "amd64",
                "count": 2
              }
            ],
            "volume_attachments": [
              {
                "id": "0717-c884503b-5053-4b12-b6de-72bc68a3478e",
                "name": "volume-attachment",
                "volume_crn": "crn:v1:bluemix:public:is:us-south-1:a/7a24585774d8b3c897d0c9b47ac48461::volume:r006-1279a46d-095c-412d-8288-34289e01c9ab",
                "volume_id": "r006-1279a46d-095c-412d-8288-34289e01c9ab",
                "volume_name": "eastcoast-barbed-imaginary-monetize"
              }
            ],
            "volumes": null,
            "vpc": "r006-b3176d9f-d789-4e88-88bf-dfc430e98d8f",
            "wait_before_delete": true,
            "zone": "us-south-1"
          },
          "sensitive_attributes": [],
          "private": "eyJlMmJmYjczMC1lY2FhLTExZTYtOGY4OC0zNDM2M2JjN2M0YzAiOnsiY3JlYXRlIjoxODAwMDAwMDAwMDAwLCJkZWxldGUiOjE4MDAwMDAwMDAwMDAsInVwZGF0ZSI6MTgwMDAwMDAwMDAwMH19",
          "dependencies": [
            "data.ibm_is_image.image4",
            "data.ibm_is_ssh_key.sshkey",
            "data.ibm_resource_group.rg",
            "ibm_is_public_gateway.pubgw-vpc-zone1",
            "ibm_is_subnet.subnet",
            "ibm_is_vpc.vpc"
          ]
        }
      ]
    },
    {
      "mode": "managed",
      "type": "ibm_is_instance",
      "name": "server5",
      "provider": "provider[\"registry.terraform.io/ibm-cloud/ibm\"]",
      "instances": [
        {
          "schema_version": 0,
          "attributes": {
            "auto_delete_volume": null,
            "boot_volume": [
              {
                "encryption": "",
                "iops": 3000,
                "name": "rink-reselect-annex-woof",
                "profile": "general-purpose",
                "size": 100
              }
            ],
            "force_recovery_time": null,
            "gpu": [],
            "id": "0717_3c611261-5bd0-44a8-a52f-3b57ad9907b0",
            "image": "r006-be679ba5-c214-4e2d-bb0f-bac454f450d3",
            "keys": [
              "r006-870b4d7e-02dd-47c3-a1b8-733504a6b98a"
            ],
            "memory": 8,
            "name": "test-server05",
            "network_interfaces": [],
            "primary_network_interface": [
              {
                "allow_ip_spoofing": false,
                "id": "0717-c3770813-60ef-46e7-bc94-884edd94157b",
                "name": "smelting-dancing-phosphate-duller",
                "port_speed": 0,
                "primary_ipv4_address": "10.245.0.105",
                "security_groups": [
                  "r006-1cd576d1-749d-4adc-bca5-edd64e4d55d6"
                ],
                "subnet": "0717-409f97c8-9d57-4d59-9cb2-6c2232c61f08"
              }
            ],
            "profile": "bx2-2x8",
            "resource_controller_url": "https://cloud.ibm.com/vpc-ext/compute/vs",
            "resource_crn": "crn:v1:bluemix:public:is:us-south-1:a/7a24585774d8b3c897d0c9b47ac48461::instance:0717_3c611261-5bd0-44a8-a52f-3b57ad9907b0",
            "resource_group": "cf3d539b37854a6ebf12ca4d5a8183c3",
            "resource_group_name": "default",
            "resource_name": "test-server05",
            "resource_status": "running",
            "status": "running",
            "tags": [],
            "timeouts": null,
            "user_data": null,
            "vcpu": [
              {
                "architecture": "amd64",
                "count": 2
              }
            ],
            "volume_attachments": [
              {
                "id": "0717-b51883a5-e84a-4c59-996b-aa54643311f4",
                "name": "volume-attachment",
                "volume_crn": "crn:v1:bluemix:public:is:us-south-1:a/7a24585774d8b3c897d0c9b47ac48461::volume:r006-f4eff1e6-1d46-435e-b2d1-76b007b8573d",
                "volume_id": "r006-f4eff1e6-1d46-435e-b2d1-76b007b8573d",
                "volume_name": "rink-reselect-annex-woof"
              }
            ],
            "volumes": null,
            "vpc": "r006-b3176d9f-d789-4e88-88bf-dfc430e98d8f",
            "wait_before_delete": true,
            "zone": "us-south-1"
          },
          "sensitive_attributes": [],
          "private": "eyJlMmJmYjczMC1lY2FhLTExZTYtOGY4OC0zNDM2M2JjN2M0YzAiOnsiY3JlYXRlIjoxODAwMDAwMDAwMDAwLCJkZWxldGUiOjE4MDAwMDAwMDAwMDAsInVwZGF0ZSI6MTgwMDAwMDAwMDAwMH19",
          "dependencies": [
            "data.ibm_is_image.image5",
            "data.ibm_is_ssh_key.sshkey",
            "data.ibm_resource_group.rg",
            "ibm_is_public_gateway.pubgw-vpc-zone1",
            "ibm_is_subnet.subnet",
            "ibm_is_vpc.vpc"
          ]
        }
      ]
    },
    {
      "mode": "managed",
      "type": "ibm_is_instance",
      "name": "server6",
      "provider": "provider[\"registry.terraform.io/ibm-cloud/ibm\"]",
      "instances": [
        {
          "schema_version": 0,
          "attributes": {
            "auto_delete_volume": null,
            "boot_volume": [
              {
                "encryption": "",
                "iops": 3000,
                "name": "scalping-demotion-month-duckling",
                "profile": "general-purpose",
                "size": 100
              }
            ],
            "force_recovery_time": null,
            "gpu": [],
            "id": "0717_460e8cfb-2481-48aa-8333-986b3a177202",
            "image": "r006-02607b5e-3fcb-43fd-b70f-6addd2bdca39",
            "keys": [
              "r006-870b4d7e-02dd-47c3-a1b8-733504a6b98a"
            ],
            "memory": 8,
            "name": "test-server06",
            "network_interfaces": [],
            "primary_network_interface": [
              {
                "allow_ip_spoofing": false,
                "id": "0717-b0938678-1eb3-46f5-a1f0-0805783a8dae",
                "name": "dynasties-canine-gizmo-fabricable",
                "port_speed": 0,
                "primary_ipv4_address": "10.245.0.106",
                "security_groups": [
                  "r006-1cd576d1-749d-4adc-bca5-edd64e4d55d6"
                ],
                "subnet": "0717-409f97c8-9d57-4d59-9cb2-6c2232c61f08"
              }
            ],
            "profile": "bx2-2x8",
            "resource_controller_url": "https://cloud.ibm.com/vpc-ext/compute/vs",
            "resource_crn": "crn:v1:bluemix:public:is:us-south-1:a/7a24585774d8b3c897d0c9b47ac48461::instance:0717_460e8cfb-2481-48aa-8333-986b3a177202",
            "resource_group": "cf3d539b37854a6ebf12ca4d5a8183c3",
            "resource_group_name": "default",
            "resource_name": "test-server06",
            "resource_status": "running",
            "status": "running",
            "tags": [],
            "timeouts": null,
            "user_data": null,
            "vcpu": [
              {
                "architecture": "amd64",
                "count": 2
              }
            ],
            "volume_attachments": [
              {
                "id": "0717-e44c9318-73fe-4cb9-b11c-d04a7c267a52",
                "name": "volume-attachment",
                "volume_crn": "crn:v1:bluemix:public:is:us-south-1:a/7a24585774d8b3c897d0c9b47ac48461::volume:r006-913003b3-f5c6-483d-904b-8eb560a728a4",
                "volume_id": "r006-913003b3-f5c6-483d-904b-8eb560a728a4",
                "volume_name": "scalping-demotion-month-duckling"
              }
            ],
            "volumes": null,
            "vpc": "r006-b3176d9f-d789-4e88-88bf-dfc430e98d8f",
            "wait_before_delete": true,
            "zone": "us-south-1"
          },
          "sensitive_attributes": [],
          "private": "eyJlMmJmYjczMC1lY2FhLTExZTYtOGY4OC0zNDM2M2JjN2M0YzAiOnsiY3JlYXRlIjoxODAwMDAwMDAwMDAwLCJkZWxldGUiOjE4MDAwMDAwMDAwMDAsInVwZGF0ZSI6MTgwMDAwMDAwMDAwMH19",
          "dependencies": [
            "data.ibm_is_image.image6",
            "data.ibm_is_ssh_key.sshkey",
            "data.ibm_resource_group.rg",
            "ibm_is_public_gateway.pubgw-vpc-zone1",
            "ibm_is_subnet.subnet",
            "ibm_is_vpc.vpc"
          ]
        }
      ]
    },
    {
      "mode": "managed",
      "type": "ibm_is_instance",
      "name": "server7",
      "provider": "provider[\"registry.terraform.io/ibm-cloud/ibm\"]",
      "instances": [
        {
          "schema_version": 0,
          "attributes": {
            "auto_delete_volume": null,
            "boot_volume": [
              {
                "encryption": "",
                "iops": 3000,
                "name": "finicky-wobbling-slate-flammable",
                "profile": "general-purpose",
                "size": 100
              }
            ],
            "force_recovery_time": null,
            "gpu": [],
            "id": "0717_de69367b-2b31-4cef-bd0d-0b608ed62c07",
            "image": "r006-e3649bd5-549f-43ed-8fda-0734949c909c",
            "keys": [
              "r006-870b4d7e-02dd-47c3-a1b8-733504a6b98a"
            ],
            "memory": 8,
            "name": "test-server07",
            "network_interfaces": [],
            "primary_network_interface": [
              {
                "allow_ip_spoofing": false,
                "id": "0717-5900f58e-41b1-41e7-b39a-52a214f5a356",
                "name": "january-nextdoor-cornmeal-detached",
                "port_speed": 0,
                "primary_ipv4_address": "10.245.0.107",
                "security_groups": [
                  "r006-1cd576d1-749d-4adc-bca5-edd64e4d55d6"
                ],
                "subnet": "0717-409f97c8-9d57-4d59-9cb2-6c2232c61f08"
              }
            ],
            "profile": "bx2-2x8",
            "resource_controller_url": "https://cloud.ibm.com/vpc-ext/compute/vs",
            "resource_crn": "crn:v1:bluemix:public:is:us-south-1:a/7a24585774d8b3c897d0c9b47ac48461::instance:0717_de69367b-2b31-4cef-bd0d-0b608ed62c07",
            "resource_group": "cf3d539b37854a6ebf12ca4d5a8183c3",
            "resource_group_name": "default",
            "resource_name": "test-server07",
            "resource_status": "running",
            "status": "running",
            "tags": [],
            "timeouts": null,
            "user_data": null,
            "vcpu": [
              {
                "architecture": "amd64",
                "count": 2
              }
            ],
            "volume_attachments": [
              {
                "id": "0717-4cb55a19-1a16-40b3-ae24-4cc8c224a252",
                "name": "volume-attachment",
                "volume_crn": "crn:v1:bluemix:public:is:us-south-1:a/7a24585774d8b3c897d0c9b47ac48461::volume:r006-d9131562-9331-4d10-a1a2-73164143055e",
                "volume_id": "r006-d9131562-9331-4d10-a1a2-73164143055e",
                "volume_name": "finicky-wobbling-slate-flammable"
              }
            ],
            "volumes": null,
            "vpc": "r006-b3176d9f-d789-4e88-88bf-dfc430e98d8f",
            "wait_before_delete": true,
            "zone": "us-south-1"
          },
          "sensitive_attributes": [],
          "private": "eyJlMmJmYjczMC1lY2FhLTExZTYtOGY4OC0zNDM2M2JjN2M0YzAiOnsiY3JlYXRlIjoxODAwMDAwMDAwMDAwLCJkZWxldGUiOjE4MDAwMDAwMDAwMDAsInVwZGF0ZSI6MTgwMDAwMDAwMDAwMH19",
          "dependencies": [
            "data.ibm_is_image.image7",
            "data.ibm_is_ssh_key.sshkey",
            "data.ibm_resource_group.rg",
            "ibm_is_public_gateway.pubgw-vpc-zone1",
            "ibm_is_subnet.subnet",
            "ibm_is_vpc.vpc"
          ]
        }
      ]
    },
    {
      "mode": "managed",
      "type": "ibm_is_instance",
      "name": "server8",
      "provider": "provider[\"registry.terraform.io/ibm-cloud/ibm\"]",
      "instances": [
        {
          "schema_version": 0,
          "attributes": {
            "auto_delete_volume": null,
            "boot_volume": [
              {
                "encryption": "",
                "iops": 3000,
                "name": "error-filler-unwell-diagnoses",
                "profile": "general-purpose",
                "size": 100
              }
            ],
            "force_recovery_time": null,
            "gpu": [],
            "id": "0717_091c80eb-dded-4f3f-bffa-3b68a6410ed7",
            "image": "r006-2e463ef7-8055-44fb-8ffd-a0a30a926966",
            "keys": [
              "r006-870b4d7e-02dd-47c3-a1b8-733504a6b98a"
            ],
            "memory": 8,
            "name": "test-server08",
            "network_interfaces": [],
            "primary_network_interface": [
              {
                "allow_ip_spoofing": false,
                "id": "0717-3a62556a-eb4b-4af2-bbdb-a9dc28606598",
                "name": "overhang-gesture-freezing-concise",
                "port_speed": 0,
                "primary_ipv4_address": "10.245.0.108",
                "security_groups": [
                  "r006-1cd576d1-749d-4adc-bca5-edd64e4d55d6"
                ],
                "subnet": "0717-409f97c8-9d57-4d59-9cb2-6c2232c61f08"
              }
            ],
            "profile": "bx2-2x8",
            "resource_controller_url": "https://cloud.ibm.com/vpc-ext/compute/vs",
            "resource_crn": "crn:v1:bluemix:public:is:us-south-1:a/7a24585774d8b3c897d0c9b47ac48461::instance:0717_091c80eb-dded-4f3f-bffa-3b68a6410ed7",
            "resource_group": "cf3d539b37854a6ebf12ca4d5a8183c3",
            "resource_group_name": "default",
            "resource_name": "test-server08",
            "resource_status": "running",
            "status": "running",
            "tags": [],
            "timeouts": null,
            "user_data": null,
            "vcpu": [
              {
                "architecture": "amd64",
                "count": 2
              }
            ],
            "volume_attachments": [
              {
                "id": "0717-3237a00a-c190-466c-b1dd-dc5c5423019d",
                "name": "volume-attachment",
                "volume_crn": "crn:v1:bluemix:public:is:us-south-1:a/7a24585774d8b3c897d0c9b47ac48461::volume:r006-5b95aeec-fa8d-442b-be49-4f59480c4234",
                "volume_id": "r006-5b95aeec-fa8d-442b-be49-4f59480c4234",
                "volume_name": "error-filler-unwell-diagnoses"
              }
            ],
            "volumes": null,
            "vpc": "r006-b3176d9f-d789-4e88-88bf-dfc430e98d8f",
            "wait_before_delete": true,
            "zone": "us-south-1"
          },
          "sensitive_attributes": [],
          "private": "eyJlMmJmYjczMC1lY2FhLTExZTYtOGY4OC0zNDM2M2JjN2M0YzAiOnsiY3JlYXRlIjoxODAwMDAwMDAwMDAwLCJkZWxldGUiOjE4MDAwMDAwMDAwMDAsInVwZGF0ZSI6MTgwMDAwMDAwMDAwMH19",
          "dependencies": [
            "data.ibm_is_image.image8",
            "data.ibm_is_ssh_key.sshkey",
            "data.ibm_resource_group.rg",
            "ibm_is_public_gateway.pubgw-vpc-zone1",
            "ibm_is_subnet.subnet",
            "ibm_is_vpc.vpc"
          ]
        }
      ]
    },
    {
      "mode": "managed",
      "type": "ibm_is_public_gateway",
      "name": "pubgw-vpc-zone1",
      "provider": "provider[\"registry.terraform.io/ibm-cloud/ibm\"]",
      "instances": [
        {
          "schema_version": 0,
          "attributes": {
            "floating_ip": {
              "address": "169.48.154.197",
              "id": "r006-28643ccb-b226-40b6-8383-2a951df6f516"
            },
            "id": "r006-2878d268-4abb-4122-8240-2f52c8777b82",
            "name": "recovery-vpc-us-south-1-pubgw",
            "resource_controller_url": "https://cloud.ibm.com/vpc-ext/network/publicGateways",
            "resource_crn": "crn:v1:bluemix:public:is:us-south-1:a/7a24585774d8b3c897d0c9b47ac48461::public-gateway:r006-2878d268-4abb-4122-8240-2f52c8777b82",
            "resource_group": "cf3d539b37854a6ebf12ca4d5a8183c3",
            "resource_group_name": "default",
            "resource_name": "recovery-vpc-us-south-1-pubgw",
            "resource_status": "available",
            "status": "available",
            "tags": [],
            "timeouts": null,
            "vpc": "r006-b3176d9f-d789-4e88-88bf-dfc430e98d8f",
            "zone": "us-south-1"
          },
          "sensitive_attributes": [],
          "private": "eyJlMmJmYjczMC1lY2FhLTExZTYtOGY4OC0zNDM2M2JjN2M0YzAiOnsiY3JlYXRlIjo2MDAwMDAwMDAwMDAsImRlbGV0ZSI6NjAwMDAwMDAwMDAwfX0=",
          "dependencies": [
            "data.ibm_resource_group.rg",
            "ibm_is_vpc.vpc"
          ]
        }
      ]
    },
    {
      "mode": "managed",
      "type": "ibm_is_subnet",
      "name": "subnet",
      "provider": "provider[\"registry.terraform.io/ibm-cloud/ibm\"]",
      "instances": [
        {
          "schema_version": 0,
          "attributes": {
            "available_ipv4_address_count": 251,
            "crn": "crn:v1:bluemix:public:is:us-south-1:a/7a24585774d8b3c897d0c9b47ac48461::subnet:0717-409f97c8-9d57-4d59-9cb2-6c2232c61f08",
            "id": "0717-409f97c8-9d57-4d59-9cb2-6c2232c61f08",
            "ip_version": "ipv4",
            "ipv4_cidr_block": "10.245.0.0/24",
            "ipv6_cidr_block": null,
            "name": "recovery-vpc-us-south-1-subnet1",
            "network_acl": "r006-05777995-69e9-4858-bd27-19d7f1af1a4f",
            "public_gateway": "r006-2878d268-4abb-4122-8240-2f52c8777b82",
            "resource_controller_url": "https://cloud.ibm.com/vpc-ext/network/subnets",
            "resource_crn": "crn:v1:bluemix:public:is:us-south-1:a/7a24585774d8b3c897d0c9b47ac48461::subnet:0717-409f97c8-9d57-4d59-9cb2-6c2232c61f08",
            "resource_group": "cf3d539b37854a6ebf12ca4d5a8183c3",
            "resource_group_name": "default",
            "resource_name": "recovery-vpc-us-south-1-subnet1",
            "resource_status": "available",
            "routing_table": "r006-c04a857c-504d-466f-8ab9-3273feccc09f",
            "status": "available",
            "tags": [],
            "timeouts": null,
            "total_ipv4_address_count": 256,
            "vpc": "r006-b3176d9f-d789-4e88-88bf-dfc430e98d8f",
            "zone": "us-south-1"
          },
          "sensitive_attributes": [],
          "private": "eyJlMmJmYjczMC1lY2FhLTExZTYtOGY4OC0zNDM2M2JjN2M0YzAiOnsiY3JlYXRlIjo2MDAwMDAwMDAwMDAsImRlbGV0ZSI6NjAwMDAwMDAwMDAwLCJ1cGRhdGUiOjYwMDAwMDAwMDAwMH19",
          "dependencies": [
            "data.ibm_resource_group.rg",
            "ibm_is_public_gateway.pubgw-vpc-zone1",
            "ibm_is_vpc.vpc"
          ]
        }
      ]
    },
    {
      "mode": "managed",
      "type": "ibm_is_vpc",
      "name": "vpc",
      "provider": "provider[\"registry.terraform.io/ibm-cloud/ibm\"]",
      "instances": [
        {
          "schema_version": 0,
          "attributes": {
            "address_prefix_management": "manual",
            "classic_access": false,
            "crn": "crn:v1:bluemix:public:is:us-south:a/7a24585774d8b3c897d0c9b47ac48461::vpc:r006-b3176d9f-d789-4e88-88bf-dfc430e98d8f",
            "cse_source_addresses": [
              {
                "address": "10.12.123.15",
                "zone_name": "us-south-1"
              },
              {
                "address": "10.249.72.58",
                "zone_name": "us-south-2"
              },
              {
                "address": "10.12.170.22",
                "zone_name": "us-south-3"
              }
            ],
            "default_network_acl": "r006-05777995-69e9-4858-bd27-19d7f1af1a4f",
            "default_routing_table": "r006-c04a857c-504d-466f-8ab9-3273feccc09f",
            "default_security_group": "r006-1cd576d1-749d-4adc-bca5-edd64e4d55d6",
            "id": "r006-b3176d9f-d789-4e88-88bf-dfc430e98d8f",
            "name": "recovery-vpc",
            "resource_controller_url": "https://cloud.ibm.com/vpc-ext/network/vpcs",
            "resource_crn": "crn:v1:bluemix:public:is:us-south:a/7a24585774d8b3c897d0c9b47ac48461::vpc:r006-b3176d9f-d789-4e88-88bf-dfc430e98d8f",
            "resource_group": "cf3d539b37854a6ebf12ca4d5a8183c3",
            "resource_group_name": "default",
            "resource_name": "recovery-vpc",
            "resource_status": "available",
            "security_group": [
              {
                "group_id": "r006-1cd576d1-749d-4adc-bca5-edd64e4d55d6",
                "group_name": "gummy-manual-achiness-recharger",
                "rules": [
                  {
                    "code": 0,
                    "direction": "outbound",
                    "ip_version": "ipv4",
                    "port_max": 0,
                    "port_min": 0,
                    "protocol": "all",
                    "remote": "0.0.0.0/0",
                    "rule_id": "r006-319476c8-2cb0-4f49-9243-fa8a7a4fdb89",
                    "type": 0
                  },
                  {
                    "code": 0,
                    "direction": "inbound",
                    "ip_version": "ipv4",
                    "port_max": 0,
                    "port_min": 0,
                    "protocol": "all",
                    "remote": "r006-1cd576d1-749d-4adc-bca5-edd64e4d55d6",
                    "rule_id": "r006-90838034-b7ef-49de-98ac-fa147412a92e",
                    "type": 0
                  }
                ]
              }
            ],
            "status": "available",
            "subnets": [],
            "tags": [],
            "timeouts": null
          },
          "sensitive_attributes": [],
          "private": "eyJlMmJmYjczMC1lY2FhLTExZTYtOGY4OC0zNDM2M2JjN2M0YzAiOnsiY3JlYXRlIjo2MDAwMDAwMDAwMDAsImRlbGV0ZSI6NjAwMDAwMDAwMDAwfX0=",
          "dependencies": [
            "data.ibm_resource_group.rg"
          ]
        }
      ]
    },
    {
      "mode": "managed",
      "type": "ibm_is_vpc_address_prefix",
      "name": "prefix1-vpc-a-zone-a",
      "provider": "provider[\"registry.terraform.io/ibm-cloud/ibm\"]",
      "instances": [
        {
          "schema_version": 0,
          "attributes": {
            "cidr": "10.245.0.0/21",
            "has_subnets": false,
            "id": "r006-b3176d9f-d789-4e88-88bf-dfc430e98d8f/r006-8115613b-33a2-44e8-8f64-02e68f2095c7",
            "name": "recovery-vpc-us-south-1-cidr-prefix-1",
            "related_crn": "crn:v1:bluemix:public:is:us-south:a/7a24585774d8b3c897d0c9b47ac48461::vpc:r006-b3176d9f-d789-4e88-88bf-dfc430e98d8f",
            "vpc": "r006-b3176d9f-d789-4e88-88bf-dfc430e98d8f",
            "zone": "us-south-1"
          },
          "sensitive_attributes": [],
          "private": "bnVsbA==",
          "dependencies": [
            "data.ibm_resource_group.rg",
            "ibm_is_vpc.vpc"
          ]
        }
      ]
    }
  ]
}
